
Microsoft Visual Studio Solution File, Format Version 12.00
# Visual Studio 15
Project("{FAE04EC0-301F-11D3-BF4B-00C04F79EFBC}") = "Assembly-CSharp", "Assembly-CSharp.csproj", "{0CF83599-48BF-F4B8-ED17-9C4B0D13FEAA}"
EndProject
Project("{FAE04EC0-301F-11D3-BF4B-00C04F79EFBC}") = "NavMeshComponents", "NavMeshComponents.csproj", "{8EBEA003-EE54-6248-9420-63225E6E05DD}"
EndProject
Project("{FAE04EC0-301F-11D3-BF4B-00C04F79EFBC}") = "NavMeshComponentsEditor", "NavMeshComponentsEditor.csproj", "{7F4C9ADC-5147-7964-EAED-0F75927C9AA1}"
EndProject
Project("{FAE04EC0-301F-11D3-BF4B-00C04F79EFBC}") = "Assembly-CSharp-Editor", "Assembly-CSharp-Editor.csproj", "{B53D07F0-FB9E-6376-F4E7-6CBF0942C371}"
EndProject
Global
	GlobalSection(SolutionConfigurationPlatforms) = preSolution
		Debug|Any CPU = Debug|Any CPU
		Release|Any CPU = Release|Any CPU
	EndGlobalSection
	GlobalSection(ProjectConfigurationPlatforms) = postSolution
		{0CF83599-48BF-F4B8-ED17-9C4B0D13FEAA}.Debug|Any CPU.ActiveCfg = Debug|Any CPU
		{0CF83599-48BF-F4B8-ED17-9C4B0D13FEAA}.Debug|Any CPU.Build.0 = Debug|Any CPU
		{0CF83599-48BF-F4B8-ED17-9C4B0D13FEAA}.Release|Any CPU.ActiveCfg = Release|Any CPU
		{0CF83599-48BF-F4B8-ED17-9C4B0D13FEAA}.Release|Any CPU.Build.0 = Release|Any CPU
		{8EBEA003-EE54-6248-9420-63225E6E05DD}.Debug|Any CPU.ActiveCfg = Debug|Any CPU
		{8EBEA003-EE54-6248-9420-63225E6E05DD}.Debug|Any CPU.Build.0 = Debug|Any CPU
		{8EBEA003-EE54-6248-9420-63225E6E05DD}.Release|Any CPU.ActiveCfg = Release|Any CPU
		{8EBEA003-EE54-6248-9420-63225E6E05DD}.Release|Any CPU.Build.0 = Release|Any CPU
		{7F4C9ADC-5147-7964-EAED-0F75927C9AA1}.Debug|Any CPU.ActiveCfg = Debug|Any CPU
		{7F4C9ADC-5147-7964-EAED-0F75927C9AA1}.Debug|Any CPU.Build.0 = Debug|Any CPU
		{7F4C9ADC-5147-7964-EAED-0F75927C9AA1}.Release|Any CPU.ActiveCfg = Release|Any CPU
		{7F4C9ADC-5147-7964-EAED-0F75927C9AA1}.Release|Any CPU.Build.0 = Release|Any CPU
		{B53D07F0-FB9E-6376-F4E7-6CBF0942C371}.Debug|Any CPU.ActiveCfg = Debug|Any CPU
		{B53D07F0-FB9E-6376-F4E7-6CBF0942C371}.Debug|Any CPU.Build.0 = Debug|Any CPU
		{B53D07F0-FB9E-6376-F4E7-6CBF0942C371}.Release|Any CPU.ActiveCfg = Release|Any CPU
		{B53D07F0-FB9E-6376-F4E7-6CBF0942C371}.Release|Any CPU.Build.0 = Release|Any CPU
	EndGlobalSection
	GlobalSection(SolutionProperties) = preSolution
		HideSolutionNode = FALSE
	EndGlobalSection
EndGlobal
